
Microsoft Visual Studio Solution File, Format Version 12.00
# Visual Studio Version 16
VisualStudioVersion = 16.0.33927.289
MinimumVisualStudioVersion = 10.0.40219.1
Project("{2150E333-8FDC-42A3-9474-1A3956D46DE8}") = "Task0", "Task0", "{1CAE84B3-31C2-45AE-AEC0-E6738872FD69}"
EndProject
Project("{FAE04EC0-301F-11D3-BF4B-00C04F79EFBC}") = "Tyuiu.ElsufevMP.Sprint4.Task0.V4", "Tyuiu.ElsufevMP.Sprint4.Task0.V4\Tyuiu.ElsufevMP.Sprint4.Task0.V4.csproj", "{7063BF94-4642-42CD-82C0-34D7E77DA259}"
EndProject
Project("{FAE04EC0-301F-11D3-BF4B-00C04F79EFBC}") = "Tyuiu.ElsufevMP.Sprint4.Task0.V4.Lib", "Tyuiu.ElsufevMP.Sprint4.Task0.V4.Lib\Tyuiu.ElsufevMP.Sprint4.Task0.V4.Lib.csproj", "{D6856905-C088-4557-9B89-DB39778D22FF}"
EndProject
Project("{FAE04EC0-301F-11D3-BF4B-00C04F79EFBC}") = "Tyuiu.ElsufevMP.Sprint4.Task0.V4.Test", "Tyuiu.ElsufevMP.Sprint4.Task0.V4.Test\Tyuiu.ElsufevMP.Sprint4.Task0.V4.Test.csproj", "{516F74D0-D074-4FEE-AD73-A70036827BA7}"
EndProject
Project("{2150E333-8FDC-42A3-9474-1A3956D46DE8}") = "Task1", "Task1", "{308F6E43-AA87-4BC7-B9C2-002528C6173D}"
EndProject
Project("{FAE04EC0-301F-11D3-BF4B-00C04F79EFBC}") = "Tyuiu.ElsufevMP.Sprint4.Task1.V8", "Tyuiu.ElsufevMP.Sprint4.Task1.V8\Tyuiu.ElsufevMP.Sprint4.Task1.V8.csproj", "{0CA9D0D2-047A-4921-B277-C8AED8F11934}"
EndProject
Project("{FAE04EC0-301F-11D3-BF4B-00C04F79EFBC}") = "Tyuiu.ElsufevMP.Sprint4.Task1.V8.Lib", "Tyuiu.ElsufevMP.Sprint4.Task1.V8.Lib\Tyuiu.ElsufevMP.Sprint4.Task1.V8.Lib.csproj", "{231D954C-A65C-433B-9D49-C23C933546E7}"
EndProject
Project("{FAE04EC0-301F-11D3-BF4B-00C04F79EFBC}") = "Tyuiu.ElsufevMP.Sprint4.Task1.V8.Test", "Tyuiu.ElsufevMP.Sprint4.Task1.V8.Test\Tyuiu.ElsufevMP.Sprint4.Task1.V8.Test.csproj", "{3E6FC2B2-0BA7-4817-8600-0CF5EFE475A3}"
EndProject
Project("{2150E333-8FDC-42A3-9474-1A3956D46DE8}") = "Task2", "Task2", "{FA24718C-AB24-49EF-A246-768E6D2C1D87}"
EndProject
Project("{FAE04EC0-301F-11D3-BF4B-00C04F79EFBC}") = "Tyuiu.ElsufevMP.Sprint4.Task2.V2", "Tyuiu.ElsufevMP.Sprint4.Task2.V2\Tyuiu.ElsufevMP.Sprint4.Task2.V2.csproj", "{0AA43EFF-A2CB-4795-A36D-1ED581C4278B}"
EndProject
Project("{FAE04EC0-301F-11D3-BF4B-00C04F79EFBC}") = "Tyuiu.ElsufevMP.Sprint4.Task2.V2.Lib", "Tyuiu.ElsufevMP.Sprint4.Task2.V2.Lib\Tyuiu.ElsufevMP.Sprint4.Task2.V2.Lib.csproj", "{64F2E7D4-D6A9-4134-9C6F-56A74CD9342E}"
EndProject
Project("{FAE04EC0-301F-11D3-BF4B-00C04F79EFBC}") = "Tyuiu.ElsufevMP.Sprint4.Task2.V2.Test", "Tyuiu.ElsufevMP.Sprint4.Task2.V2.Test\Tyuiu.ElsufevMP.Sprint4.Task2.V2.Test.csproj", "{CD12371E-2536-4713-9012-C747B3DD3F0D}"
EndProject
Project("{2150E333-8FDC-42A3-9474-1A3956D46DE8}") = "Task3", "Task3", "{EBAB1B32-C4BD-4268-BBF2-24717ABFD896}"
EndProject
Project("{FAE04EC0-301F-11D3-BF4B-00C04F79EFBC}") = "Tyuiu.ElsufevMP.Sprint4.Task3.V17", "Tyuiu.ElsufevMP.Sprint4.Task3.V17\Tyuiu.ElsufevMP.Sprint4.Task3.V17.csproj", "{9551C87D-1E7B-41F7-8E96-2557EDC499D7}"
EndProject
Project("{FAE04EC0-301F-11D3-BF4B-00C04F79EFBC}") = "Tyuiu.ElsufevMP.Sprint4.Task3.V17.Lib", "Tyuiu.ElsufevMP.Sprint4.Task3.V17.Lib\Tyuiu.ElsufevMP.Sprint4.Task3.V17.Lib.csproj", "{334C5EBA-6903-4F48-A0C9-606FCCCA07A2}"
EndProject
Project("{FAE04EC0-301F-11D3-BF4B-00C04F79EFBC}") = "Tyuiu.ElsufevMP.Sprint4.Task3.V17.Test", "Tyuiu.ElsufevMP.Sprint4.Task3.V17.Test\Tyuiu.ElsufevMP.Sprint4.Task3.V17.Test.csproj", "{580E30C4-D66C-4AF8-8DCD-284E9FD899C0}"
EndProject
Global
	GlobalSection(SolutionConfigurationPlatforms) = preSolution
		Debug|Any CPU = Debug|Any CPU
		Release|Any CPU = Release|Any CPU
	EndGlobalSection
	GlobalSection(ProjectConfigurationPlatforms) = postSolution
		{7063BF94-4642-42CD-82C0-34D7E77DA259}.Debug|Any CPU.ActiveCfg = Debug|Any CPU
		{7063BF94-4642-42CD-82C0-34D7E77DA259}.Debug|Any CPU.Build.0 = Debug|Any CPU
		{7063BF94-4642-42CD-82C0-34D7E77DA259}.Release|Any CPU.ActiveCfg = Release|Any CPU
		{7063BF94-4642-42CD-82C0-34D7E77DA259}.Release|Any CPU.Build.0 = Release|Any CPU
		{D6856905-C088-4557-9B89-DB39778D22FF}.Debug|Any CPU.ActiveCfg = Debug|Any CPU
		{D6856905-C088-4557-9B89-DB39778D22FF}.Debug|Any CPU.Build.0 = Debug|Any CPU
		{D6856905-C088-4557-9B89-DB39778D22FF}.Release|Any CPU.ActiveCfg = Release|Any CPU
		{D6856905-C088-4557-9B89-DB39778D22FF}.Release|Any CPU.Build.0 = Release|Any CPU
		{516F74D0-D074-4FEE-AD73-A70036827BA7}.Debug|Any CPU.ActiveCfg = Debug|Any CPU
		{516F74D0-D074-4FEE-AD73-A70036827BA7}.Debug|Any CPU.Build.0 = Debug|Any CPU
		{516F74D0-D074-4FEE-AD73-A70036827BA7}.Release|Any CPU.ActiveCfg = Release|Any CPU
		{516F74D0-D074-4FEE-AD73-A70036827BA7}.Release|Any CPU.Build.0 = Release|Any CPU
		{0CA9D0D2-047A-4921-B277-C8AED8F11934}.Debug|Any CPU.ActiveCfg = Debug|Any CPU
		{0CA9D0D2-047A-4921-B277-C8AED8F11934}.Debug|Any CPU.Build.0 = Debug|Any CPU
		{0CA9D0D2-047A-4921-B277-C8AED8F11934}.Release|Any CPU.ActiveCfg = Release|Any CPU
		{0CA9D0D2-047A-4921-B277-C8AED8F11934}.Release|Any CPU.Build.0 = Release|Any CPU
		{231D954C-A65C-433B-9D49-C23C933546E7}.Debug|Any CPU.ActiveCfg = Debug|Any CPU
		{231D954C-A65C-433B-9D49-C23C933546E7}.Debug|Any CPU.Build.0 = Debug|Any CPU
		{231D954C-A65C-433B-9D49-C23C933546E7}.Release|Any CPU.ActiveCfg = Release|Any CPU
		{231D954C-A65C-433B-9D49-C23C933546E7}.Release|Any CPU.Build.0 = Release|Any CPU
		{3E6FC2B2-0BA7-4817-8600-0CF5EFE475A3}.Debug|Any CPU.ActiveCfg = Debug|Any CPU
		{3E6FC2B2-0BA7-4817-8600-0CF5EFE475A3}.Debug|Any CPU.Build.0 = Debug|Any CPU
		{3E6FC2B2-0BA7-4817-8600-0CF5EFE475A3}.Release|Any CPU.ActiveCfg = Release|Any CPU
		{3E6FC2B2-0BA7-4817-8600-0CF5EFE475A3}.Release|Any CPU.Build.0 = Release|Any CPU
		{0AA43EFF-A2CB-4795-A36D-1ED581C4278B}.Debug|Any CPU.ActiveCfg = Debug|Any CPU
		{0AA43EFF-A2CB-4795-A36D-1ED581C4278B}.Debug|Any CPU.Build.0 = Debug|Any CPU
		{0AA43EFF-A2CB-4795-A36D-1ED581C4278B}.Release|Any CPU.ActiveCfg = Release|Any CPU
		{0AA43EFF-A2CB-4795-A36D-1ED581C4278B}.Release|Any CPU.Build.0 = Release|Any CPU
		{64F2E7D4-D6A9-4134-9C6F-56A74CD9342E}.Debug|Any CPU.ActiveCfg = Debug|Any CPU
		{64F2E7D4-D6A9-4134-9C6F-56A74CD9342E}.Debug|Any CPU.Build.0 = Debug|Any CPU
		{64F2E7D4-D6A9-4134-9C6F-56A74CD9342E}.Release|Any CPU.ActiveCfg = Release|Any CPU
		{64F2E7D4-D6A9-4134-9C6F-56A74CD9342E}.Release|Any CPU.Build.0 = Release|Any CPU
		{CD12371E-2536-4713-9012-C747B3DD3F0D}.Debug|Any CPU.ActiveCfg = Debug|Any CPU
		{CD12371E-2536-4713-9012-C747B3DD3F0D}.Debug|Any CPU.Build.0 = Debug|Any CPU
		{CD12371E-2536-4713-9012-C747B3DD3F0D}.Release|Any CPU.ActiveCfg = Release|Any CPU
		{CD12371E-2536-4713-9012-C747B3DD3F0D}.Release|Any CPU.Build.0 = Release|Any CPU
		{9551C87D-1E7B-41F7-8E96-2557EDC499D7}.Debug|Any CPU.ActiveCfg = Debug|Any CPU
		{9551C87D-1E7B-41F7-8E96-2557EDC499D7}.Debug|Any CPU.Build.0 = Debug|Any CPU
		{9551C87D-1E7B-41F7-8E96-2557EDC499D7}.Release|Any CPU.ActiveCfg = Release|Any CPU
		{9551C87D-1E7B-41F7-8E96-2557EDC499D7}.Release|Any CPU.Build.0 = Release|Any CPU
		{334C5EBA-6903-4F48-A0C9-606FCCCA07A2}.Debug|Any CPU.ActiveCfg = Debug|Any CPU
		{334C5EBA-6903-4F48-A0C9-606FCCCA07A2}.Debug|Any CPU.Build.0 = Debug|Any CPU
		{334C5EBA-6903-4F48-A0C9-606FCCCA07A2}.Release|Any CPU.ActiveCfg = Release|Any CPU
		{334C5EBA-6903-4F48-A0C9-606FCCCA07A2}.Release|Any CPU.Build.0 = Release|Any CPU
		{580E30C4-D66C-4AF8-8DCD-284E9FD899C0}.Debug|Any CPU.ActiveCfg = Debug|Any CPU
		{580E30C4-D66C-4AF8-8DCD-284E9FD899C0}.Debug|Any CPU.Build.0 = Debug|Any CPU
		{580E30C4-D66C-4AF8-8DCD-284E9FD899C0}.Release|Any CPU.ActiveCfg = Release|Any CPU
		{580E30C4-D66C-4AF8-8DCD-284E9FD899C0}.Release|Any CPU.Build.0 = Release|Any CPU
	EndGlobalSection
	GlobalSection(SolutionProperties) = preSolution
		HideSolutionNode = FALSE
	EndGlobalSection
	GlobalSection(NestedProjects) = preSolution
		{7063BF94-4642-42CD-82C0-34D7E77DA259} = {1CAE84B3-31C2-45AE-AEC0-E6738872FD69}
		{D6856905-C088-4557-9B89-DB39778D22FF} = {1CAE84B3-31C2-45AE-AEC0-E6738872FD69}
		{516F74D0-D074-4FEE-AD73-A70036827BA7} = {1CAE84B3-31C2-45AE-AEC0-E6738872FD69}
		{0CA9D0D2-047A-4921-B277-C8AED8F11934} = {308F6E43-AA87-4BC7-B9C2-002528C6173D}
		{231D954C-A65C-433B-9D49-C23C933546E7} = {308F6E43-AA87-4BC7-B9C2-002528C6173D}
		{3E6FC2B2-0BA7-4817-8600-0CF5EFE475A3} = {308F6E43-AA87-4BC7-B9C2-002528C6173D}
		{0AA43EFF-A2CB-4795-A36D-1ED581C4278B} = {FA24718C-AB24-49EF-A246-768E6D2C1D87}
		{64F2E7D4-D6A9-4134-9C6F-56A74CD9342E} = {FA24718C-AB24-49EF-A246-768E6D2C1D87}
		{CD12371E-2536-4713-9012-C747B3DD3F0D} = {FA24718C-AB24-49EF-A246-768E6D2C1D87}
		{9551C87D-1E7B-41F7-8E96-2557EDC499D7} = {EBAB1B32-C4BD-4268-BBF2-24717ABFD896}
		{334C5EBA-6903-4F48-A0C9-606FCCCA07A2} = {EBAB1B32-C4BD-4268-BBF2-24717ABFD896}
		{580E30C4-D66C-4AF8-8DCD-284E9FD899C0} = {EBAB1B32-C4BD-4268-BBF2-24717ABFD896}
	EndGlobalSection
	GlobalSection(ExtensibilityGlobals) = postSolution
		SolutionGuid = {F1A57ED9-8720-4705-8542-19029CF95F08}
	EndGlobalSection
EndGlobal
